
Microsoft Visual Studio Solution File, Format Version 12.00
# Visual Studio Version 17
VisualStudioVersion = 17.7.34031.279
MinimumVisualStudioVersion = 10.0.40219.1
Project("{9A19103F-16F7-4668-BE54-9A1E7A4F7556}") = "WebApplication1", "WebApplication1\WebApplication1.csproj", "{CA985E68-C6BD-4D6C-B76D-94DEFD015D47}"
EndProject
Global
	GlobalSection(SolutionConfigurationPlatforms) = preSolution
		Debug|Any CPU = Debug|Any CPU
		Release|Any CPU = Release|Any CPU
	EndGlobalSection
	GlobalSection(ProjectConfigurationPlatforms) = postSolution
		{CA985E68-C6BD-4D6C-B76D-94DEFD015D47}.Debug|Any CPU.ActiveCfg = Debug|Any CPU
		{CA985E68-C6BD-4D6C-B76D-94DEFD015D47}.Debug|Any CPU.Build.0 = Debug|Any CPU
		{CA985E68-C6BD-4D6C-B76D-94DEFD015D47}.Release|Any CPU.ActiveCfg = Release|Any CPU
		{CA985E68-C6BD-4D6C-B76D-94DEFD015D47}.Release|Any CPU.Build.0 = Release|Any CPU
	EndGlobalSection
	GlobalSection(SolutionProperties) = preSolution
		HideSolutionNode = FALSE
	EndGlobalSection
	GlobalSection(ExtensibilityGlobals) = postSolution
		SolutionGuid = {4A5456FF-EC8F-48DF-9EC7-14C5B7A94274}
	EndGlobalSection
EndGlobal
